
Microsoft Visual Studio Solution File, Format Version 12.00
# Visual Studio Version 16
VisualStudioVersion = 16.0.29519.181
MinimumVisualStudioVersion = 10.0.40219.1
Project("{FAE04EC0-301F-11D3-BF4B-00C04F79EFBC}") = "EmployeeManagement.Api", "EmployeeManagement.Api\EmployeeManagement.Api.csproj", "{14E024E6-435A-408A-B9AA-157E2AEA82D1}"
EndProject
Project("{9A19103F-16F7-4668-BE54-9A1E7A4F7556}") = "EmployeeManagement.Repositories", "..\EmployeeManagement.Repositories\EmployeeManagement.Repositories.csproj", "{27CDA85B-EAEA-4AD8-9C9A-D7EF3937AF51}"
EndProject
Project("{9A19103F-16F7-4668-BE54-9A1E7A4F7556}") = "EmployeeManagement.Services", "..\EmployeeManagement.Services\EmployeeManagement.Services.csproj", "{38C22C00-480E-41AE-81E0-B1AFB03A9F69}"
EndProject
Global
	GlobalSection(SolutionConfigurationPlatforms) = preSolution
		Debug|Any CPU = Debug|Any CPU
		Release|Any CPU = Release|Any CPU
	EndGlobalSection
	GlobalSection(ProjectConfigurationPlatforms) = postSolution
		{14E024E6-435A-408A-B9AA-157E2AEA82D1}.Debug|Any CPU.ActiveCfg = Debug|Any CPU
		{14E024E6-435A-408A-B9AA-157E2AEA82D1}.Debug|Any CPU.Build.0 = Debug|Any CPU
		{14E024E6-435A-408A-B9AA-157E2AEA82D1}.Release|Any CPU.ActiveCfg = Release|Any CPU
		{14E024E6-435A-408A-B9AA-157E2AEA82D1}.Release|Any CPU.Build.0 = Release|Any CPU
		{27CDA85B-EAEA-4AD8-9C9A-D7EF3937AF51}.Debug|Any CPU.ActiveCfg = Debug|Any CPU
		{27CDA85B-EAEA-4AD8-9C9A-D7EF3937AF51}.Debug|Any CPU.Build.0 = Debug|Any CPU
		{27CDA85B-EAEA-4AD8-9C9A-D7EF3937AF51}.Release|Any CPU.ActiveCfg = Release|Any CPU
		{27CDA85B-EAEA-4AD8-9C9A-D7EF3937AF51}.Release|Any CPU.Build.0 = Release|Any CPU
		{38C22C00-480E-41AE-81E0-B1AFB03A9F69}.Debug|Any CPU.ActiveCfg = Debug|Any CPU
		{38C22C00-480E-41AE-81E0-B1AFB03A9F69}.Debug|Any CPU.Build.0 = Debug|Any CPU
		{38C22C00-480E-41AE-81E0-B1AFB03A9F69}.Release|Any CPU.ActiveCfg = Release|Any CPU
		{38C22C00-480E-41AE-81E0-B1AFB03A9F69}.Release|Any CPU.Build.0 = Release|Any CPU
	EndGlobalSection
	GlobalSection(SolutionProperties) = preSolution
		HideSolutionNode = FALSE
	EndGlobalSection
	GlobalSection(ExtensibilityGlobals) = postSolution
		SolutionGuid = {BDD1598F-ADAC-43B7-9102-7C54221D204E}
	EndGlobalSection
EndGlobal
